<?xml version="1.0" encoding="UTF-8" standalone="yes" ?>
<CodeBlocks_project_file>
	<FileVersion major="1" minor="6" />
	<Project>
		<Option title="personal_budget" />
		<Option pch_mode="2" />
		<Option compiler="gcc" />
		<Build>
			<Target title="Debug">
				<Option output="bin/Debug/personal_budget" prefix_auto="1" extension_auto="1" />
				<Option object_output="obj/Debug/" />
				<Option type="1" />
				<Option compiler="gcc" />
				<Compiler>
					<Add option="-g" />
				</Compiler>
			</Target>
			<Target title="Release">
				<Option output="bin/Release/personal_budget" prefix_auto="1" extension_auto="1" />
				<Option object_output="obj/Release/" />
				<Option type="1" />
				<Option compiler="gcc" />
				<Compiler>
					<Add option="-O2" />
				</Compiler>
				<Linker>
					<Add option="-s" />
				</Linker>
			</Target>
		</Build>
		<Compiler>
			<Add option="-Wall" />
			<Add option="-fexceptions" />
		</Compiler>
		<Unit filename="Expence.cpp" />
		<Unit filename="Expence.h" />
		<Unit filename="ExpensesFile.cpp" />
		<Unit filename="ExpensesFile.h" />
		<Unit filename="Finance.cpp" />
		<Unit filename="Finance.h" />
		<Unit filename="Income.cpp" />
		<Unit filename="Income.h" />
		<Unit filename="IncomeAndExpenseManager.cpp" />
		<Unit filename="IncomeAndExpenseManager.h" />
		<Unit filename="IncomesFile.cpp" />
		<Unit filename="IncomesFile.h" />
		<Unit filename="Markup.cpp" />
		<Unit filename="Markup.h" />
		<Unit filename="PersonalBudget.cpp" />
		<Unit filename="PersonalBudget.h" />
		<Unit filename="User.cpp" />
		<Unit filename="User.h" />
		<Unit filename="UserManager.cpp" />
		<Unit filename="UserManager.h" />
		<Unit filename="UsersFile.cpp" />
		<Unit filename="UsersFile.h" />
		<Unit filename="XMLFile.cpp" />
		<Unit filename="XMLFile.h" />
		<Unit filename="main.cpp" />
		<Extensions>
			<lib_finder disable_auto="1" />
		</Extensions>
	</Project>
</CodeBlocks_project_file>
